
Microsoft Visual Studio Solution File, Format Version 12.00
# Visual Studio Version 17
VisualStudioVersion = 17.7.34221.43
MinimumVisualStudioVersion = 10.0.40219.1
Project("{FAE04EC0-301F-11D3-BF4B-00C04F79EFBC}") = "Lab8 generics", "Lab8 generics.csproj", "{5CDBDF67-D662-4F3C-8310-C8A54037EECB}"
EndProject
Global
	GlobalSection(SolutionConfigurationPlatforms) = preSolution
		Debug|Any CPU = Debug|Any CPU
		Release|Any CPU = Release|Any CPU
	EndGlobalSection
	GlobalSection(ProjectConfigurationPlatforms) = postSolution
		{5CDBDF67-D662-4F3C-8310-C8A54037EECB}.Debug|Any CPU.ActiveCfg = Debug|Any CPU
		{5CDBDF67-D662-4F3C-8310-C8A54037EECB}.Debug|Any CPU.Build.0 = Debug|Any CPU
		{5CDBDF67-D662-4F3C-8310-C8A54037EECB}.Release|Any CPU.ActiveCfg = Release|Any CPU
		{5CDBDF67-D662-4F3C-8310-C8A54037EECB}.Release|Any CPU.Build.0 = Release|Any CPU
	EndGlobalSection
	GlobalSection(SolutionProperties) = preSolution
		HideSolutionNode = FALSE
	EndGlobalSection
	GlobalSection(ExtensibilityGlobals) = postSolution
		SolutionGuid = {F7D8451E-D23D-49EA-8634-881B79B3FFE9}
	EndGlobalSection
EndGlobal
